
Microsoft Visual Studio Solution File, Format Version 12.00
Project("{FAE04EC0-301F-11D3-BF4B-00C04F79EFBC}") = "Checkoutservice", "Checkoutservice\Checkoutservice.csproj", "{96B5A455-7D98-4D08-BFE3-EE3640592992}"
EndProject
Project("{FAE04EC0-301F-11D3-BF4B-00C04F79EFBC}") = "Tests", "Tests\Tests.csproj", "{C3022DA4-72D8-408D-BB52-0DB59B6F6262}"
EndProject
Project("{FAE04EC0-301F-11D3-BF4B-00C04F79EFBC}") = "InventoryService", "InventoryService\InventoryService.csproj", "{4678592B-61DB-42DE-B0A4-FEA6198C723A}"
EndProject
Project("{FAE04EC0-301F-11D3-BF4B-00C04F79EFBC}") = "Core", "Core\Core.csproj", "{C30D0856-0D69-4C3C-93B2-C0BD1764E4C1}"
EndProject
Project("{2150E333-8FDC-42A3-9474-1A3956D46DE8}") = "AuthService", "AuthService", "{F12CA20D-B6CD-4350-9C5E-61EB1F5AEF4B}"
EndProject
Project("{FAE04EC0-301F-11D3-BF4B-00C04F79EFBC}") = "Auth.API", "AuthService\Auth.API\Auth.API.csproj", "{E102A693-1468-4D3E-9751-13261B878EEC}"
EndProject
Project("{FAE04EC0-301F-11D3-BF4B-00C04F79EFBC}") = "Auth.Application", "AuthService\Auth.Application\Auth.Application.csproj", "{5589A10C-1B36-46D2-B859-06E0078C0705}"
EndProject
Project("{FAE04EC0-301F-11D3-BF4B-00C04F79EFBC}") = "Auth.Infrastructure", "AuthService\Auth.Infrastructure\Auth.Infrastructure.csproj", "{6C625232-E61C-425B-9B1D-6E33B99C2616}"
EndProject
Project("{FAE04EC0-301F-11D3-BF4B-00C04F79EFBC}") = "Auth.Domain", "AuthService\Auth.Domain\Auth.Domain.csproj", "{0B6807E6-E621-47AF-8459-822A6DAC4418}"
EndProject
Global
	GlobalSection(SolutionConfigurationPlatforms) = preSolution
		Debug|Any CPU = Debug|Any CPU
		Release|Any CPU = Release|Any CPU
	EndGlobalSection
	GlobalSection(ProjectConfigurationPlatforms) = postSolution
		{96B5A455-7D98-4D08-BFE3-EE3640592992}.Debug|Any CPU.ActiveCfg = Debug|Any CPU
		{96B5A455-7D98-4D08-BFE3-EE3640592992}.Debug|Any CPU.Build.0 = Debug|Any CPU
		{96B5A455-7D98-4D08-BFE3-EE3640592992}.Release|Any CPU.ActiveCfg = Release|Any CPU
		{96B5A455-7D98-4D08-BFE3-EE3640592992}.Release|Any CPU.Build.0 = Release|Any CPU
		{C3022DA4-72D8-408D-BB52-0DB59B6F6262}.Debug|Any CPU.ActiveCfg = Debug|Any CPU
		{C3022DA4-72D8-408D-BB52-0DB59B6F6262}.Debug|Any CPU.Build.0 = Debug|Any CPU
		{C3022DA4-72D8-408D-BB52-0DB59B6F6262}.Release|Any CPU.ActiveCfg = Release|Any CPU
		{C3022DA4-72D8-408D-BB52-0DB59B6F6262}.Release|Any CPU.Build.0 = Release|Any CPU
		{4678592B-61DB-42DE-B0A4-FEA6198C723A}.Debug|Any CPU.ActiveCfg = Debug|Any CPU
		{4678592B-61DB-42DE-B0A4-FEA6198C723A}.Debug|Any CPU.Build.0 = Debug|Any CPU
		{4678592B-61DB-42DE-B0A4-FEA6198C723A}.Release|Any CPU.ActiveCfg = Release|Any CPU
		{4678592B-61DB-42DE-B0A4-FEA6198C723A}.Release|Any CPU.Build.0 = Release|Any CPU
		{C30D0856-0D69-4C3C-93B2-C0BD1764E4C1}.Debug|Any CPU.ActiveCfg = Debug|Any CPU
		{C30D0856-0D69-4C3C-93B2-C0BD1764E4C1}.Debug|Any CPU.Build.0 = Debug|Any CPU
		{C30D0856-0D69-4C3C-93B2-C0BD1764E4C1}.Release|Any CPU.ActiveCfg = Release|Any CPU
		{C30D0856-0D69-4C3C-93B2-C0BD1764E4C1}.Release|Any CPU.Build.0 = Release|Any CPU
		{E102A693-1468-4D3E-9751-13261B878EEC}.Debug|Any CPU.ActiveCfg = Debug|Any CPU
		{E102A693-1468-4D3E-9751-13261B878EEC}.Debug|Any CPU.Build.0 = Debug|Any CPU
		{E102A693-1468-4D3E-9751-13261B878EEC}.Release|Any CPU.ActiveCfg = Release|Any CPU
		{E102A693-1468-4D3E-9751-13261B878EEC}.Release|Any CPU.Build.0 = Release|Any CPU
		{5589A10C-1B36-46D2-B859-06E0078C0705}.Debug|Any CPU.ActiveCfg = Debug|Any CPU
		{5589A10C-1B36-46D2-B859-06E0078C0705}.Debug|Any CPU.Build.0 = Debug|Any CPU
		{5589A10C-1B36-46D2-B859-06E0078C0705}.Release|Any CPU.ActiveCfg = Release|Any CPU
		{5589A10C-1B36-46D2-B859-06E0078C0705}.Release|Any CPU.Build.0 = Release|Any CPU
		{6C625232-E61C-425B-9B1D-6E33B99C2616}.Debug|Any CPU.ActiveCfg = Debug|Any CPU
		{6C625232-E61C-425B-9B1D-6E33B99C2616}.Debug|Any CPU.Build.0 = Debug|Any CPU
		{6C625232-E61C-425B-9B1D-6E33B99C2616}.Release|Any CPU.ActiveCfg = Release|Any CPU
		{6C625232-E61C-425B-9B1D-6E33B99C2616}.Release|Any CPU.Build.0 = Release|Any CPU
		{0B6807E6-E621-47AF-8459-822A6DAC4418}.Debug|Any CPU.ActiveCfg = Debug|Any CPU
		{0B6807E6-E621-47AF-8459-822A6DAC4418}.Debug|Any CPU.Build.0 = Debug|Any CPU
		{0B6807E6-E621-47AF-8459-822A6DAC4418}.Release|Any CPU.ActiveCfg = Release|Any CPU
		{0B6807E6-E621-47AF-8459-822A6DAC4418}.Release|Any CPU.Build.0 = Release|Any CPU
	EndGlobalSection
	GlobalSection(NestedProjects) = preSolution
		{E102A693-1468-4D3E-9751-13261B878EEC} = {F12CA20D-B6CD-4350-9C5E-61EB1F5AEF4B}
		{5589A10C-1B36-46D2-B859-06E0078C0705} = {F12CA20D-B6CD-4350-9C5E-61EB1F5AEF4B}
		{6C625232-E61C-425B-9B1D-6E33B99C2616} = {F12CA20D-B6CD-4350-9C5E-61EB1F5AEF4B}
		{0B6807E6-E621-47AF-8459-822A6DAC4418} = {F12CA20D-B6CD-4350-9C5E-61EB1F5AEF4B}
	EndGlobalSection
EndGlobal
